
Microsoft Visual Studio Solution File, Format Version 12.00
# Visual Studio 15
VisualStudioVersion = 15.0.28307.106
MinimumVisualStudioVersion = 10.0.40219.1
Project("{FAE04EC0-301F-11D3-BF4B-00C04F79EFBC}") = "Functional.Option", "Functional.Option\Functional.Option.csproj", "{5851FFFF-1D7D-4C44-8818-103D590A6383}"
EndProject
Project("{FAE04EC0-301F-11D3-BF4B-00C04F79EFBC}") = "Functional.Option.Tests", "Functional.Option.Tests\Functional.Option.Tests.csproj", "{B284D5C1-8FF4-4880-9787-CE1035ED30D1}"
EndProject
Global
	GlobalSection(SolutionConfigurationPlatforms) = preSolution
		Debug|Any CPU = Debug|Any CPU
		Release|Any CPU = Release|Any CPU
	EndGlobalSection
	GlobalSection(ProjectConfigurationPlatforms) = postSolution
		{5851FFFF-1D7D-4C44-8818-103D590A6383}.Debug|Any CPU.ActiveCfg = Debug|Any CPU
		{5851FFFF-1D7D-4C44-8818-103D590A6383}.Debug|Any CPU.Build.0 = Debug|Any CPU
		{5851FFFF-1D7D-4C44-8818-103D590A6383}.Release|Any CPU.ActiveCfg = Release|Any CPU
		{5851FFFF-1D7D-4C44-8818-103D590A6383}.Release|Any CPU.Build.0 = Release|Any CPU
		{B284D5C1-8FF4-4880-9787-CE1035ED30D1}.Debug|Any CPU.ActiveCfg = Debug|Any CPU
		{B284D5C1-8FF4-4880-9787-CE1035ED30D1}.Debug|Any CPU.Build.0 = Debug|Any CPU
		{B284D5C1-8FF4-4880-9787-CE1035ED30D1}.Release|Any CPU.ActiveCfg = Release|Any CPU
		{B284D5C1-8FF4-4880-9787-CE1035ED30D1}.Release|Any CPU.Build.0 = Release|Any CPU
	EndGlobalSection
	GlobalSection(SolutionProperties) = preSolution
		HideSolutionNode = FALSE
	EndGlobalSection
	GlobalSection(ExtensibilityGlobals) = postSolution
		SolutionGuid = {F7FDA016-CDD8-4CC3-AD31-21DFD70E04C9}
	EndGlobalSection
EndGlobal
